
Microsoft Visual Studio Solution File, Format Version 12.00
# Visual Studio Version 17
VisualStudioVersion = 17.5.002.0
MinimumVisualStudioVersion = 10.0.40219.1
Project("{9A19103F-16F7-4668-BE54-9A1E7A4F7556}") = "mslearn-dotnet-files", "mslearn-dotnet-files.csproj", "{AF127340-5016-46F4-BFFE-6D354EC4487E}"
EndProject
Global
	GlobalSection(SolutionConfigurationPlatforms) = preSolution
		Debug|Any CPU = Debug|Any CPU
		Release|Any CPU = Release|Any CPU
	EndGlobalSection
	GlobalSection(ProjectConfigurationPlatforms) = postSolution
		{AF127340-5016-46F4-BFFE-6D354EC4487E}.Debug|Any CPU.ActiveCfg = Debug|Any CPU
		{AF127340-5016-46F4-BFFE-6D354EC4487E}.Debug|Any CPU.Build.0 = Debug|Any CPU
		{AF127340-5016-46F4-BFFE-6D354EC4487E}.Release|Any CPU.ActiveCfg = Release|Any CPU
		{AF127340-5016-46F4-BFFE-6D354EC4487E}.Release|Any CPU.Build.0 = Release|Any CPU
	EndGlobalSection
	GlobalSection(SolutionProperties) = preSolution
		HideSolutionNode = FALSE
	EndGlobalSection
	GlobalSection(ExtensibilityGlobals) = postSolution
		SolutionGuid = {ECB720F1-0AC5-484B-970D-B8285021881C}
	EndGlobalSection
EndGlobal
